
Microsoft Visual Studio Solution File, Format Version 12.00
# Visual Studio Version 16
VisualStudioVersion = 16.0.30503.244
MinimumVisualStudioVersion = 10.0.40219.1
Project("{FAE04EC0-301F-11D3-BF4B-00C04F79EFBC}") = "ChessProServer", "ChessProServer\ChessProServer.csproj", "{090366CF-8B20-44EE-845A-F7EF243167BE}"
EndProject
Global
	GlobalSection(SolutionConfigurationPlatforms) = preSolution
		Debug|Any CPU = Debug|Any CPU
		Release|Any CPU = Release|Any CPU
	EndGlobalSection
	GlobalSection(ProjectConfigurationPlatforms) = postSolution
		{090366CF-8B20-44EE-845A-F7EF243167BE}.Debug|Any CPU.ActiveCfg = Debug|Any CPU
		{090366CF-8B20-44EE-845A-F7EF243167BE}.Debug|Any CPU.Build.0 = Debug|Any CPU
		{090366CF-8B20-44EE-845A-F7EF243167BE}.Release|Any CPU.ActiveCfg = Release|Any CPU
		{090366CF-8B20-44EE-845A-F7EF243167BE}.Release|Any CPU.Build.0 = Release|Any CPU
	EndGlobalSection
	GlobalSection(SolutionProperties) = preSolution
		HideSolutionNode = FALSE
	EndGlobalSection
	GlobalSection(ExtensibilityGlobals) = postSolution
		SolutionGuid = {9E3CD305-F696-4B2A-86D5-EAD84D9AA8E0}
	EndGlobalSection
EndGlobal
